<?xml version="1.0" encoding="utf-8"?>
<Project ToolsVersion="4.0" xmlns="http://schemas.microsoft.com/developer/msbuild/2003">
  <ItemGroup>
    <ClCompile Include="Server.cpp" />
    <ClCompile Include="stdafx.cpp" />
    <ClCompile Include="Player.cpp">
      <Filter>Engine</Filter>
    </ClCompile>
    <ClCompile Include="Math.cpp">
      <Filter>Engine</Filter>
    </ClCompile>
  </ItemGroup>
  <ItemGroup>
    <ClInclude Include="stdafx.h" />
    <ClInclude Include="targetver.h" />
    <ClInclude Include="Player.h">
      <Filter>Engine</Filter>
    </ClInclude>
    <ClInclude Include="Entity.h">
      <Filter>Engine</Filter>
    </ClInclude>
    <ClInclude Include="CustomTypes.h">
      <Filter>Engine</Filter>
    </ClInclude>
    <ClInclude Include="Math.h">
      <Filter>Engine</Filter>
    </ClInclude>
  </ItemGroup>
  <ItemGroup>
    <Filter Include="Engine">
      <UniqueIdentifier>{bc224b2c-d349-4165-8061-8dd05b2eef24}</UniqueIdentifier>
    </Filter>
  </ItemGroup>
</Project>